
Microsoft Visual Studio Solution File, Format Version 11.00
# Visual Studio 2010
Project("{FAE04EC0-301F-11D3-BF4B-00C04F79EFBC}") = "Lumen_Visual", "Lumen_Visual\Lumen_Visual.csproj", "{330E8D48-C20E-444D-899D-187E933C1226}"
EndProject
Global
	GlobalSection(SolutionConfigurationPlatforms) = preSolution
		Debug|x86 = Debug|x86
		Release|x86 = Release|x86
	EndGlobalSection
	GlobalSection(ProjectConfigurationPlatforms) = postSolution
		{330E8D48-C20E-444D-899D-187E933C1226}.Debug|x86.ActiveCfg = Debug|x86
		{330E8D48-C20E-444D-899D-187E933C1226}.Debug|x86.Build.0 = Debug|x86
		{330E8D48-C20E-444D-899D-187E933C1226}.Release|x86.ActiveCfg = Release|x86
		{330E8D48-C20E-444D-899D-187E933C1226}.Release|x86.Build.0 = Release|x86
	EndGlobalSection
	GlobalSection(SolutionProperties) = preSolution
		HideSolutionNode = FALSE
	EndGlobalSection
EndGlobal
